
Microsoft Visual Studio Solution File, Format Version 12.00
# Visual Studio 15
VisualStudioVersion = 15.0.27703.2018
MinimumVisualStudioVersion = 10.0.40219.1
Project("{FAE04EC0-301F-11D3-BF4B-00C04F79EFBC}") = "ClusterBoxStudent", "ReadExcel\ClusterBoxStudent.csproj", "{8C580E69-7006-466D-A86A-A136F2BFDD4A}"
EndProject
Global
	GlobalSection(SolutionConfigurationPlatforms) = preSolution
		Debug|Any CPU = Debug|Any CPU
		Debug|x86 = Debug|x86
		Release|Any CPU = Release|Any CPU
		Release|x86 = Release|x86
	EndGlobalSection
	GlobalSection(ProjectConfigurationPlatforms) = postSolution
		{8C580E69-7006-466D-A86A-A136F2BFDD4A}.Debug|Any CPU.ActiveCfg = Debug|Any CPU
		{8C580E69-7006-466D-A86A-A136F2BFDD4A}.Debug|Any CPU.Build.0 = Debug|Any CPU
		{8C580E69-7006-466D-A86A-A136F2BFDD4A}.Debug|x86.ActiveCfg = Debug|Any CPU
		{8C580E69-7006-466D-A86A-A136F2BFDD4A}.Debug|x86.Build.0 = Debug|Any CPU
		{8C580E69-7006-466D-A86A-A136F2BFDD4A}.Release|Any CPU.ActiveCfg = Release|Any CPU
		{8C580E69-7006-466D-A86A-A136F2BFDD4A}.Release|Any CPU.Build.0 = Release|Any CPU
		{8C580E69-7006-466D-A86A-A136F2BFDD4A}.Release|x86.ActiveCfg = Release|x86
		{8C580E69-7006-466D-A86A-A136F2BFDD4A}.Release|x86.Build.0 = Release|x86
	EndGlobalSection
	GlobalSection(SolutionProperties) = preSolution
		HideSolutionNode = FALSE
	EndGlobalSection
	GlobalSection(ExtensibilityGlobals) = postSolution
		SolutionGuid = {A13BB97F-2714-4FF7-8C41-0904D49AA891}
	EndGlobalSection
EndGlobal
