
Microsoft Visual Studio Solution File, Format Version 12.00
# Visual Studio 15
VisualStudioVersion = 15.0.27703.2018
MinimumVisualStudioVersion = 10.0.40219.1
Project("{FAE04EC0-301F-11D3-BF4B-00C04F79EFBC}") = "CalculateRadius", "ClassLibrary3\CalculateRadius.csproj", "{B051944A-170D-4766-B3DC-9ED30E877B79}"
EndProject
Global
	GlobalSection(SolutionConfigurationPlatforms) = preSolution
		Debug|Any CPU = Debug|Any CPU
		Release|Any CPU = Release|Any CPU
	EndGlobalSection
	GlobalSection(ProjectConfigurationPlatforms) = postSolution
		{B051944A-170D-4766-B3DC-9ED30E877B79}.Debug|Any CPU.ActiveCfg = Debug|Any CPU
		{B051944A-170D-4766-B3DC-9ED30E877B79}.Debug|Any CPU.Build.0 = Debug|Any CPU
		{B051944A-170D-4766-B3DC-9ED30E877B79}.Release|Any CPU.ActiveCfg = Release|Any CPU
		{B051944A-170D-4766-B3DC-9ED30E877B79}.Release|Any CPU.Build.0 = Release|Any CPU
	EndGlobalSection
	GlobalSection(SolutionProperties) = preSolution
		HideSolutionNode = FALSE
	EndGlobalSection
	GlobalSection(ExtensibilityGlobals) = postSolution
		SolutionGuid = {0A470625-3CE0-4084-82AB-5682F8A6B8CA}
	EndGlobalSection
EndGlobal
